// !$*UTF8*$!
{
	archiveVersion = 1;
	classes = {
	};
	objectVersion = 56;
	objects = {

/* Begin PBXBuildFile section */
		E9A89F372B6AD2C9001C6ECA /* AppDelegate.swift in Sources */ = {isa = PBXBuildFile; fileRef = E9A89F362B6AD2C9001C6ECA /* AppDelegate.swift */; };
		E9A89F392B6AD2C9001C6ECA /* SceneDelegate.swift in Sources */ = {isa = PBXBuildFile; fileRef = E9A89F382B6AD2C9001C6ECA /* SceneDelegate.swift */; };
		E9A89F3B2B6AD2C9001C6ECA /* ViewController.swift in Sources */ = {isa = PBXBuildFile; fileRef = E9A89F3A2B6AD2C9001C6ECA /* ViewController.swift */; };
		E9A89F3E2B6AD2C9001C6ECA /* Main.storyboard in Resources */ = {isa = PBXBuildFile; fileRef = E9A89F3C2B6AD2C9001C6ECA /* Main.storyboard */; };
		E9A89F402B6AD2C9001C6ECA /* Assets.xcassets in Resources */ = {isa = PBXBuildFile; fileRef = E9A89F3F2B6AD2C9001C6ECA /* Assets.xcassets */; };
		E9A89F432B6AD2C9001C6ECA /* LaunchScreen.storyboard in Resources */ = {isa = PBXBuildFile; fileRef = E9A89F412B6AD2C9001C6ECA /* LaunchScreen.storyboard */; };
		E9A89F4C2B6AD34B001C6ECA /* FacebookCore in Frameworks */ = {isa = PBXBuildFile; productRef = E9A89F4B2B6AD34B001C6ECA /* FacebookCore */; };
/* End PBXBuildFile section */

/* Begin PBXFileReference section */
		E9A89F332B6AD2C9001C6ECA /* FacebookCrashSampleApp.app */ = {isa = PBXFileReference; explicitFileType = wrapper.application; includeInIndex = 0; path = FacebookCrashSampleApp.app; sourceTree = BUILT_PRODUCTS_DIR; };
		E9A89F362B6AD2C9001C6ECA /* AppDelegate.swift */ = {isa = PBXFileReference; lastKnownFileType = sourcecode.swift; path = AppDelegate.swift; sourceTree = "<group>"; };
		E9A89F382B6AD2C9001C6ECA /* SceneDelegate.swift */ = {isa = PBXFileReference; lastKnownFileType = sourcecode.swift; path = SceneDelegate.swift; sourceTree = "<group>"; };
		E9A89F3A2B6AD2C9001C6ECA /* ViewController.swift */ = {isa = PBXFileReference; lastKnownFileType = sourcecode.swift; path = ViewController.swift; sourceTree = "<group>"; };
		E9A89F3D2B6AD2C9001C6ECA /* Base */ = {isa = PBXFileReference; lastKnownFileType = file.storyboard; name = Base; path = Base.lproj/Main.storyboard; sourceTree = "<group>"; };
		E9A89F3F2B6AD2C9001C6ECA /* Assets.xcassets */ = {isa = PBXFileReference; lastKnownFileType = folder.assetcatalog; path = Assets.xcassets; sourceTree = "<group>"; };
		E9A89F422B6AD2C9001C6ECA /* Base */ = {isa = PBXFileReference; lastKnownFileType = file.storyboard; name = Base; path = Base.lproj/LaunchScreen.storyboard; sourceTree = "<group>"; };
		E9A89F442B6AD2C9001C6ECA /* Info.plist */ = {isa = PBXFileReference; lastKnownFileType = text.plist.xml; path = Info.plist; sourceTree = "<group>"; };
/* End PBXFileReference section */

/* Begin PBXFrameworksBuildPhase section */
		E9A89F302B6AD2C9001C6ECA /* Frameworks */ = {
			isa = PBXFrameworksBuildPhase;
			buildActionMask = 2147483647;
			files = (
				E9A89F4C2B6AD34B001C6ECA /* FacebookCore in Frameworks */,
			);
			runOnlyForDeploymentPostprocessing = 0;
		};
/* End PBXFrameworksBuildPhase section */

/* Begin PBXGroup section */
		E9A89F2A2B6AD2C9001C6ECA = {
			isa = PBXGroup;
			children = (
				E9A89F352B6AD2C9001C6ECA /* FacebookCrashSampleApp */,
				E9A89F342B6AD2C9001C6ECA /* Products */,
			);
			sourceTree = "<group>";
		};
		E9A89F342B6AD2C9001C6ECA /* Products */ = {
			isa = PBXGroup;
			children = (
				E9A89F332B6AD2C9001C6ECA /* FacebookCrashSampleApp.app */,
			);
			name = Products;
			sourceTree = "<group>";
		};
		E9A89F352B6AD2C9001C6ECA /* FacebookCrashSampleApp */ = {
			isa = PBXGroup;
			children = (
				E9A89F362B6AD2C9001C6ECA /* AppDelegate.swift */,
				E9A89F382B6AD2C9001C6ECA /* SceneDelegate.swift */,
				E9A89F3A2B6AD2C9001C6ECA /* ViewController.swift */,
				E9A89F3C2B6AD2C9001C6ECA /* Main.storyboard */,
				E9A89F3F2B6AD2C9001C6ECA /* Assets.xcassets */,
				E9A89F412B6AD2C9001C6ECA /* LaunchScreen.storyboard */,
				E9A89F442B6AD2C9001C6ECA /* Info.plist */,
			);
			path = FacebookCrashSampleApp;
			sourceTree = "<group>";
		};
/* End PBXGroup section */

/* Begin PBXNativeTarget section */
		E9A89F322B6AD2C9001C6ECA /* FacebookCrashSampleApp */ = {
			isa = PBXNativeTarget;
			buildConfigurationList = E9A89F472B6AD2C9001C6ECA /* Build configuration list for PBXNativeTarget "FacebookCrashSampleApp" */;
			buildPhases = (
				E9A89F2F2B6AD2C9001C6ECA /* Sources */,
				E9A89F302B6AD2C9001C6ECA /* Frameworks */,
				E9A89F312B6AD2C9001C6ECA /* Resources */,
			);
			buildRules = (
			);
			dependencies = (
			);
			name = FacebookCrashSampleApp;
			packageProductDependencies = (
				E9A89F4B2B6AD34B001C6ECA /* FacebookCore */,
			);
			productName = FacebookCrashSampleApp;
			productReference = E9A89F332B6AD2C9001C6ECA /* FacebookCrashSampleApp.app */;
			productType = "com.apple.product-type.application";
		};
/* End PBXNativeTarget section */

/* Begin PBXProject section */
		E9A89F2B2B6AD2C9001C6ECA /* Project object */ = {
			isa = PBXProject;
			attributes = {
				BuildIndependentTargetsInParallel = 1;
				LastSwiftUpdateCheck = 1510;
				LastUpgradeCheck = 1510;
				TargetAttributes = {
					E9A89F322B6AD2C9001C6ECA = {
						CreatedOnToolsVersion = 15.1;
					};
				};
			};
			buildConfigurationList = E9A89F2E2B6AD2C9001C6ECA /* Build configuration list for PBXProject "FacebookCrashSampleApp" */;
			compatibilityVersion = "Xcode 14.0";
			developmentRegion = en;
			hasScannedForEncodings = 0;
			knownRegions = (
				en,
				Base,
			);
			mainGroup = E9A89F2A2B6AD2C9001C6ECA;
			packageReferences = (
				E9A89F4A2B6AD34B001C6ECA /* XCRemoteSwiftPackageReference "facebook-ios-sdk" */,
			);
			productRefGroup = E9A89F342B6AD2C9001C6ECA /* Products */;
			projectDirPath = "";
			projectRoot = "";
			targets = (
				E9A89F322B6AD2C9001C6ECA /* FacebookCrashSampleApp */,
			);
		};
/* End PBXProject section */

/* Begin PBXResourcesBuildPhase section */
		E9A89F312B6AD2C9001C6ECA /* Resources */ = {
			isa = PBXResourcesBuildPhase;
			buildActionMask = 2147483647;
			files = (
				E9A89F432B6AD2C9001C6ECA /* LaunchScreen.storyboard in Resources */,
				E9A89F402B6AD2C9001C6ECA /* Assets.xcassets in Resources */,
				E9A89F3E2B6AD2C9001C6ECA /* Main.storyboard in Resources */,
			);
			runOnlyForDeploymentPostprocessing = 0;
		};
/* End PBXResourcesBuildPhase section */

/* Begin PBXSourcesBuildPhase section */
		E9A89F2F2B6AD2C9001C6ECA /* Sources */ = {
			isa = PBXSourcesBuildPhase;
			buildActionMask = 2147483647;
			files = (
				E9A89F3B2B6AD2C9001C6ECA /* ViewController.swift in Sources */,
				E9A89F372B6AD2C9001C6ECA /* AppDelegate.swift in Sources */,
				E9A89F392B6AD2C9001C6ECA /* SceneDelegate.swift in Sources */,
			);
			runOnlyForDeploymentPostprocessing = 0;
		};
/* End PBXSourcesBuildPhase section */

/* Begin PBXVariantGroup section */
		E9A89F3C2B6AD2C9001C6ECA /* Main.storyboard */ = {
			isa = PBXVariantGroup;
			children = (
				E9A89F3D2B6AD2C9001C6ECA /* Base */,
			);
			name = Main.storyboard;
			sourceTree = "<group>";
		};
		E9A89F412B6AD2C9001C6ECA /* LaunchScreen.storyboard */ = {
			isa = PBXVariantGroup;
			children = (
				E9A89F422B6AD2C9001C6ECA /* Base */,
			);
			name = LaunchScreen.storyboard;
			sourceTree = "<group>";
		};
/* End PBXVariantGroup section */

/* Begin XCBuildConfiguration section */
		E9A89F452B6AD2C9001C6ECA /* Debug */ = {
			isa = XCBuildConfiguration;
			buildSettings = {
				ALWAYS_SEARCH_USER_PATHS = NO;
				ASSETCATALOG_COMPILER_GENERATE_SWIFT_ASSET_SYMBOL_EXTENSIONS = YES;
				CLANG_ANALYZER_NONNULL = YES;
				CLANG_ANALYZER_NUMBER_OBJECT_CONVERSION = YES_AGGRESSIVE;
				CLANG_CXX_LANGUAGE_STANDARD = "gnu++20";
				CLANG_ENABLE_MODULES = YES;
				CLANG_ENABLE_OBJC_ARC = YES;
				CLANG_ENABLE_OBJC_WEAK = YES;
				CLANG_WARN_BLOCK_CAPTURE_AUTORELEASING = YES;
				CLANG_WARN_BOOL_CONVERSION = YES;
				CLANG_WARN_COMMA = YES;
				CLANG_WARN_CONSTANT_CONVERSION = YES;
				CLANG_WARN_DEPRECATED_OBJC_IMPLEMENTATIONS = YES;
				CLANG_WARN_DIRECT_OBJC_ISA_USAGE = YES_ERROR;
				CLANG_WARN_DOCUMENTATION_COMMENTS = YES;
				CLANG_WARN_EMPTY_BODY = YES;
				CLANG_WARN_ENUM_CONVERSION = YES;
				CLANG_WARN_INFINITE_RECURSION = YES;
				CLANG_WARN_INT_CONVERSION = YES;
				CLANG_WARN_NON_LITERAL_NULL_CONVERSION = YES;
				CLANG_WARN_OBJC_IMPLICIT_RETAIN_SELF = YES;
				CLANG_WARN_OBJC_LITERAL_CONVERSION = YES;
				CLANG_WARN_OBJC_ROOT_CLASS = YES_ERROR;
				CLANG_WARN_QUOTED_INCLUDE_IN_FRAMEWORK_HEADER = YES;
				CLANG_WARN_RANGE_LOOP_ANALYSIS = YES;
				CLANG_WARN_STRICT_PROTOTYPES = YES;
				CLANG_WARN_SUSPICIOUS_MOVE = YES;
				CLANG_WARN_UNGUARDED_AVAILABILITY = YES_AGGRESSIVE;
				CLANG_WARN_UNREACHABLE_CODE = YES;
				CLANG_WARN__DUPLICATE_METHOD_MATCH = YES;
				COPY_PHASE_STRIP = NO;
				DEBUG_INFORMATION_FORMAT = dwarf;
				ENABLE_STRICT_OBJC_MSGSEND = YES;
				ENABLE_TESTABILITY = YES;
				ENABLE_USER_SCRIPT_SANDBOXING = YES;
				GCC_C_LANGUAGE_STANDARD = gnu17;
				GCC_DYNAMIC_NO_PIC = NO;
				GCC_NO_COMMON_BLOCKS = YES;
				GCC_OPTIMIZATION_LEVEL = 0;
				GCC_PREPROCESSOR_DEFINITIONS = (
					"DEBUG=1",
					"$(inherited)",
				);
				GCC_WARN_64_TO_32_BIT_CONVERSION = YES;
				GCC_WARN_ABOUT_RETURN_TYPE = YES_ERROR;
				GCC_WARN_UNDECLARED_SELECTOR = YES;
				GCC_WARN_UNINITIALIZED_AUTOS = YES_AGGRESSIVE;
				GCC_WARN_UNUSED_FUNCTION = YES;
				GCC_WARN_UNUSED_VARIABLE = YES;
				IPHONEOS_DEPLOYMENT_TARGET = 17.2;
				LOCALIZATION_PREFERS_STRING_CATALOGS = YES;
				MTL_ENABLE_DEBUG_INFO = INCLUDE_SOURCE;
				MTL_FAST_MATH = YES;
				ONLY_ACTIVE_ARCH = YES;
				SDKROOT = iphoneos;
				SWIFT_ACTIVE_COMPILATION_CONDITIONS = "DEBUG $(inherited)";
				SWIFT_OPTIMIZATION_LEVEL = "-Onone";
			};
			name = Debug;
		};
		E9A89F462B6AD2C9001C6ECA /* Release */ = {
			isa = XCBuildConfiguration;
			buildSettings = {
				ALWAYS_SEARCH_USER_PATHS = NO;
				ASSETCATALOG_COMPILER_GENERATE_SWIFT_ASSET_SYMBOL_EXTENSIONS = YES;
				CLANG_ANALYZER_NONNULL = YES;
				CLANG_ANALYZER_NUMBER_OBJECT_CONVERSION = YES_AGGRESSIVE;
				CLANG_CXX_LANGUAGE_STANDARD = "gnu++20";
				CLANG_ENABLE_MODULES = YES;
				CLANG_ENABLE_OBJC_ARC = YES;
				CLANG_ENABLE_OBJC_WEAK = YES;
				CLANG_WARN_BLOCK_CAPTURE_AUTORELEASING = YES;
				CLANG_WARN_BOOL_CONVERSION = YES;
				CLANG_WARN_COMMA = YES;
				CLANG_WARN_CONSTANT_CONVERSION = YES;
				CLANG_WARN_DEPRECATED_OBJC_IMPLEMENTATIONS = YES;
				CLANG_WARN_DIRECT_OBJC_ISA_USAGE = YES_ERROR;
				CLANG_WARN_DOCUMENTATION_COMMENTS = YES;
				CLANG_WARN_EMPTY_BODY = YES;
				CLANG_WARN_ENUM_CONVERSION = YES;
				CLANG_WARN_INFINITE_RECURSION = YES;
				CLANG_WARN_INT_CONVERSION = YES;
				CLANG_WARN_NON_LITERAL_NULL_CONVERSION = YES;
				CLANG_WARN_OBJC_IMPLICIT_RETAIN_SELF = YES;
				CLANG_WARN_OBJC_LITERAL_CONVERSION = YES;
				CLANG_WARN_OBJC_ROOT_CLASS = YES_ERROR;
				CLANG_WARN_QUOTED_INCLUDE_IN_FRAMEWORK_HEADER = YES;
				CLANG_WARN_RANGE_LOOP_ANALYSIS = YES;
				CLANG_WARN_STRICT_PROTOTYPES = YES;
				CLANG_WARN_SUSPICIOUS_MOVE = YES;
				CLANG_WARN_UNGUARDED_AVAILABILITY = YES_AGGRESSIVE;
				CLANG_WARN_UNREACHABLE_CODE = YES;
				CLANG_WARN__DUPLICATE_METHOD_MATCH = YES;
				COPY_PHASE_STRIP = NO;
				DEBUG_INFORMATION_FORMAT = "dwarf-with-dsym";
				ENABLE_NS_ASSERTIONS = NO;
				ENABLE_STRICT_OBJC_MSGSEND = YES;
				ENABLE_USER_SCRIPT_SANDBOXING = YES;
				GCC_C_LANGUAGE_STANDARD = gnu17;
				GCC_NO_COMMON_BLOCKS = YES;
				GCC_WARN_64_TO_32_BIT_CONVERSION = YES;
				GCC_WARN_ABOUT_RETURN_TYPE = YES_ERROR;
				GCC_WARN_UNDECLARED_SELECTOR = YES;
				GCC_WARN_UNINITIALIZED_AUTOS = YES_AGGRESSIVE;
				GCC_WARN_UNUSED_FUNCTION = YES;
				GCC_WARN_UNUSED_VARIABLE = YES;
				IPHONEOS_DEPLOYMENT_TARGET = 17.2;
				LOCALIZATION_PREFERS_STRING_CATALOGS = YES;
				MTL_ENABLE_DEBUG_INFO = NO;
				MTL_FAST_MATH = YES;
				SDKROOT = iphoneos;
				SWIFT_COMPILATION_MODE = wholemodule;
				VALIDATE_PRODUCT = YES;
			};
			name = Release;
		};
		E9A89F482B6AD2C9001C6ECA /* Debug */ = {
			isa = XCBuildConfiguration;
			buildSettings = {
				ASSETCATALOG_COMPILER_APPICON_NAME = AppIcon;
				ASSETCATALOG_COMPILER_GLOBAL_ACCENT_COLOR_NAME = AccentColor;
				CODE_SIGN_STYLE = Automatic;
				CURRENT_PROJECT_VERSION = 1;
				GENERATE_INFOPLIST_FILE = YES;
				INFOPLIST_FILE = FacebookCrashSampleApp/Info.plist;
				INFOPLIST_KEY_UIApplicationSupportsIndirectInputEvents = YES;
				INFOPLIST_KEY_UILaunchStoryboardName = LaunchScreen;
				INFOPLIST_KEY_UIMainStoryboardFile = Main;
				INFOPLIST_KEY_UISupportedInterfaceOrientations_iPad = "UIInterfaceOrientationPortrait UIInterfaceOrientationPortraitUpsideDown UIInterfaceOrientationLandscapeLeft UIInterfaceOrientationLandscapeRight";
				INFOPLIST_KEY_UISupportedInterfaceOrientations_iPhone = "UIInterfaceOrientationPortrait UIInterfaceOrientationLandscapeLeft UIInterfaceOrientationLandscapeRight";
				LD_RUNPATH_SEARCH_PATHS = (
					"$(inherited)",
					"@executable_path/Frameworks",
				);
				MARKETING_VERSION = 1.0;
				PRODUCT_BUNDLE_IDENTIFIER = com.sample.FacebookCrashSampleApp;
				PRODUCT_NAME = "$(TARGET_NAME)";
				SWIFT_EMIT_LOC_STRINGS = YES;
				SWIFT_VERSION = 5.0;
				TARGETED_DEVICE_FAMILY = "1,2";
			};
			name = Debug;
		};
		E9A89F492B6AD2C9001C6ECA /* Release */ = {
			isa = XCBuildConfiguration;
			buildSettings = {
				ASSETCATALOG_COMPILER_APPICON_NAME = AppIcon;
				ASSETCATALOG_COMPILER_GLOBAL_ACCENT_COLOR_NAME = AccentColor;
				CODE_SIGN_STYLE = Automatic;
				CURRENT_PROJECT_VERSION = 1;
				GENERATE_INFOPLIST_FILE = YES;
				INFOPLIST_FILE = FacebookCrashSampleApp/Info.plist;
				INFOPLIST_KEY_UIApplicationSupportsIndirectInputEvents = YES;
				INFOPLIST_KEY_UILaunchStoryboardName = LaunchScreen;
				INFOPLIST_KEY_UIMainStoryboardFile = Main;
				INFOPLIST_KEY_UISupportedInterfaceOrientations_iPad = "UIInterfaceOrientationPortrait UIInterfaceOrientationPortraitUpsideDown UIInterfaceOrientationLandscapeLeft UIInterfaceOrientationLandscapeRight";
				INFOPLIST_KEY_UISupportedInterfaceOrientations_iPhone = "UIInterfaceOrientationPortrait UIInterfaceOrientationLandscapeLeft UIInterfaceOrientationLandscapeRight";
				LD_RUNPATH_SEARCH_PATHS = (
					"$(inherited)",
					"@executable_path/Frameworks",
				);
				MARKETING_VERSION = 1.0;
				PRODUCT_BUNDLE_IDENTIFIER = com.sample.FacebookCrashSampleApp;
				PRODUCT_NAME = "$(TARGET_NAME)";
				SWIFT_EMIT_LOC_STRINGS = YES;
				SWIFT_VERSION = 5.0;
				TARGETED_DEVICE_FAMILY = "1,2";
			};
			name = Release;
		};
/* End XCBuildConfiguration section */

/* Begin XCConfigurationList section */
		E9A89F2E2B6AD2C9001C6ECA /* Build configuration list for PBXProject "FacebookCrashSampleApp" */ = {
			isa = XCConfigurationList;
			buildConfigurations = (
				E9A89F452B6AD2C9001C6ECA /* Debug */,
				E9A89F462B6AD2C9001C6ECA /* Release */,
			);
			defaultConfigurationIsVisible = 0;
			defaultConfigurationName = Release;
		};
		E9A89F472B6AD2C9001C6ECA /* Build configuration list for PBXNativeTarget "FacebookCrashSampleApp" */ = {
			isa = XCConfigurationList;
			buildConfigurations = (
				E9A89F482B6AD2C9001C6ECA /* Debug */,
				E9A89F492B6AD2C9001C6ECA /* Release */,
			);
			defaultConfigurationIsVisible = 0;
			defaultConfigurationName = Release;
		};
/* End XCConfigurationList section */

/* Begin XCRemoteSwiftPackageReference section */
		E9A89F4A2B6AD34B001C6ECA /* XCRemoteSwiftPackageReference "facebook-ios-sdk" */ = {
			isa = XCRemoteSwiftPackageReference;
			repositoryURL = "https://github.com/facebook/facebook-ios-sdk";
			requirement = {
				kind = upToNextMajorVersion;
				minimumVersion = 16.3.1;
			};
		};
/* End XCRemoteSwiftPackageReference section */

/* Begin XCSwiftPackageProductDependency section */
		E9A89F4B2B6AD34B001C6ECA /* FacebookCore */ = {
			isa = XCSwiftPackageProductDependency;
			package = E9A89F4A2B6AD34B001C6ECA /* XCRemoteSwiftPackageReference "facebook-ios-sdk" */;
			productName = FacebookCore;
		};
/* End XCSwiftPackageProductDependency section */
	};
	rootObject = E9A89F2B2B6AD2C9001C6ECA /* Project object */;
}
